
Microsoft Visual Studio Solution File, Format Version 12.00
# Visual Studio Version 17
VisualStudioVersion = 17.1.32210.238
MinimumVisualStudioVersion = 10.0.40219.1
Project("{FAE04EC0-301F-11D3-BF4B-00C04F79EFBC}") = "Baze_domaci(finalna verzija)", "Baze_domaci(finalna verzija)\Baze_domaci(finalna verzija).csproj", "{91EA232D-1F8F-41A2-8C8C-89D6CFE61C4F}"
EndProject
Project("{2150E333-8FDC-42A3-9474-1A3956D46DE8}") = "Solution Items", "Solution Items", "{5BD175D6-C3F9-44D0-A2E0-467A70DC22E8}"
EndProject
Global
	GlobalSection(SolutionConfigurationPlatforms) = preSolution
		Debug|Any CPU = Debug|Any CPU
		Release|Any CPU = Release|Any CPU
	EndGlobalSection
	GlobalSection(ProjectConfigurationPlatforms) = postSolution
		{91EA232D-1F8F-41A2-8C8C-89D6CFE61C4F}.Debug|Any CPU.ActiveCfg = Debug|Any CPU
		{91EA232D-1F8F-41A2-8C8C-89D6CFE61C4F}.Debug|Any CPU.Build.0 = Debug|Any CPU
		{91EA232D-1F8F-41A2-8C8C-89D6CFE61C4F}.Release|Any CPU.ActiveCfg = Release|Any CPU
		{91EA232D-1F8F-41A2-8C8C-89D6CFE61C4F}.Release|Any CPU.Build.0 = Release|Any CPU
	EndGlobalSection
	GlobalSection(SolutionProperties) = preSolution
		HideSolutionNode = FALSE
	EndGlobalSection
	GlobalSection(ExtensibilityGlobals) = postSolution
		SolutionGuid = {979DF46E-BFE9-4DC8-8713-2F779559DCDA}
	EndGlobalSection
EndGlobal
